
Microsoft Visual Studio Solution File, Format Version 12.00
# Visual Studio Version 16
VisualStudioVersion = 16.0.33027.164
MinimumVisualStudioVersion = 10.0.40219.1
Project("{FAE04EC0-301F-11D3-BF4B-00C04F79EFBC}") = "PermissionBasedAuthorizationInDotNet5", "PermissionBasedAuthorizationInDotNet5.csproj", "{E6AEA00C-6C19-494E-A5B9-F2C11193842D}"
EndProject
Global
	GlobalSection(SolutionConfigurationPlatforms) = preSolution
		Debug|Any CPU = Debug|Any CPU
		Release|Any CPU = Release|Any CPU
	EndGlobalSection
	GlobalSection(ProjectConfigurationPlatforms) = postSolution
		{E6AEA00C-6C19-494E-A5B9-F2C11193842D}.Debug|Any CPU.ActiveCfg = Debug|Any CPU
		{E6AEA00C-6C19-494E-A5B9-F2C11193842D}.Debug|Any CPU.Build.0 = Debug|Any CPU
		{E6AEA00C-6C19-494E-A5B9-F2C11193842D}.Release|Any CPU.ActiveCfg = Release|Any CPU
		{E6AEA00C-6C19-494E-A5B9-F2C11193842D}.Release|Any CPU.Build.0 = Release|Any CPU
	EndGlobalSection
	GlobalSection(SolutionProperties) = preSolution
		HideSolutionNode = FALSE
	EndGlobalSection
	GlobalSection(ExtensibilityGlobals) = postSolution
		SolutionGuid = {7E2F5203-1EE4-4941-904E-0F03749A7F0D}
	EndGlobalSection
EndGlobal
